
Microsoft Visual Studio Solution File, Format Version 12.00
# Visual Studio Version 16
VisualStudioVersion = 16.0.30320.27
MinimumVisualStudioVersion = 10.0.40219.1
Project("{FAE04EC0-301F-11D3-BF4B-00C04F79EFBC}") = "API_EF", "API_EF\API_EF.csproj", "{B0CDE84B-BBE7-47CF-BA67-DB754C9985DA}"
EndProject
Global
	GlobalSection(SolutionConfigurationPlatforms) = preSolution
		Debug|Any CPU = Debug|Any CPU
		Release|Any CPU = Release|Any CPU
	EndGlobalSection
	GlobalSection(ProjectConfigurationPlatforms) = postSolution
		{B0CDE84B-BBE7-47CF-BA67-DB754C9985DA}.Debug|Any CPU.ActiveCfg = Debug|Any CPU
		{B0CDE84B-BBE7-47CF-BA67-DB754C9985DA}.Debug|Any CPU.Build.0 = Debug|Any CPU
		{B0CDE84B-BBE7-47CF-BA67-DB754C9985DA}.Release|Any CPU.ActiveCfg = Release|Any CPU
		{B0CDE84B-BBE7-47CF-BA67-DB754C9985DA}.Release|Any CPU.Build.0 = Release|Any CPU
	EndGlobalSection
	GlobalSection(SolutionProperties) = preSolution
		HideSolutionNode = FALSE
	EndGlobalSection
	GlobalSection(ExtensibilityGlobals) = postSolution
		SolutionGuid = {C9846D98-E95F-4C0E-8918-4129CF50517E}
	EndGlobalSection
EndGlobal
